// !$*UTF8*$!
{
	archiveVersion = 1;
	classes = {
	};
	objectVersion = 50;
	objects = {

/* Begin PBXBuildFile section */
		46DC70C02847DEB10022158D /* SwiftUIView.swift in Sources */ = {isa = PBXBuildFile; fileRef = 46DC70BF2847DEB10022158D /* SwiftUIView.swift */; };
		DD80A8202B3071D9009E08A0 /* OTPTextField.framework in Frameworks */ = {isa = PBXBuildFile; fileRef = DD80A8022B3070E2009E08A0 /* OTPTextField.framework */; };
		DD80A8212B3071D9009E08A0 /* OTPTextField.framework in Embed Frameworks */ = {isa = PBXBuildFile; fileRef = DD80A8022B3070E2009E08A0 /* OTPTextField.framework */; settings = {ATTRIBUTES = (RemoveHeadersOnCopy, ); }; };
		F4DF03032652DBFA004B24B0 /* AppDelegate.swift in Sources */ = {isa = PBXBuildFile; fileRef = F4DF03022652DBFA004B24B0 /* AppDelegate.swift */; };
		F4DF03052652DBFA004B24B0 /* SceneDelegate.swift in Sources */ = {isa = PBXBuildFile; fileRef = F4DF03042652DBFA004B24B0 /* SceneDelegate.swift */; };
		F4DF03072652DBFA004B24B0 /* ViewController.swift in Sources */ = {isa = PBXBuildFile; fileRef = F4DF03062652DBFA004B24B0 /* ViewController.swift */; };
		F4DF030A2652DBFA004B24B0 /* Main.storyboard in Resources */ = {isa = PBXBuildFile; fileRef = F4DF03082652DBFA004B24B0 /* Main.storyboard */; };
		F4DF030C2652DC09004B24B0 /* Assets.xcassets in Resources */ = {isa = PBXBuildFile; fileRef = F4DF030B2652DC09004B24B0 /* Assets.xcassets */; };
		F4DF030F2652DC09004B24B0 /* LaunchScreen.storyboard in Resources */ = {isa = PBXBuildFile; fileRef = F4DF030D2652DC09004B24B0 /* LaunchScreen.storyboard */; };
/* End PBXBuildFile section */

/* Begin PBXContainerItemProxy section */
		DD80A8222B3071D9009E08A0 /* PBXContainerItemProxy */ = {
			isa = PBXContainerItemProxy;
			containerPortal = F4DF02D92652DB22004B24B0 /* Project object */;
			proxyType = 1;
			remoteGlobalIDString = DD80A8012B3070E2009E08A0;
			remoteInfo = OTPTextField;
		};
/* End PBXContainerItemProxy section */

/* Begin PBXCopyFilesBuildPhase section */
		DD80A8242B3071D9009E08A0 /* Embed Frameworks */ = {
			isa = PBXCopyFilesBuildPhase;
			buildActionMask = 2147483647;
			dstPath = "";
			dstSubfolderSpec = 10;
			files = (
				DD80A8212B3071D9009E08A0 /* OTPTextField.framework in Embed Frameworks */,
			);
			name = "Embed Frameworks";
			runOnlyForDeploymentPostprocessing = 0;
		};
/* End PBXCopyFilesBuildPhase section */

/* Begin PBXFileReference section */
		46DC70BF2847DEB10022158D /* SwiftUIView.swift */ = {isa = PBXFileReference; lastKnownFileType = sourcecode.swift; path = SwiftUIView.swift; sourceTree = "<group>"; };
		DD80A7B12B306DEF009E08A0 /* AEOTPTextField.swift */ = {isa = PBXFileReference; fileEncoding = 4; lastKnownFileType = sourcecode.swift; path = AEOTPTextField.swift; sourceTree = "<group>"; };
		DD80A7B32B306DEF009E08A0 /* AEOTPTextFieldImplementation.swift */ = {isa = PBXFileReference; fileEncoding = 4; lastKnownFileType = sourcecode.swift; path = AEOTPTextFieldImplementation.swift; sourceTree = "<group>"; };
		DD80A7B42B306DEF009E08A0 /* AEOTPTextFieldDelegate.swift */ = {isa = PBXFileReference; fileEncoding = 4; lastKnownFileType = sourcecode.swift; path = AEOTPTextFieldDelegate.swift; sourceTree = "<group>"; };
		DD80A7B52B306DEF009E08A0 /* AEOTPTextFieldImplementationProtocol.swift */ = {isa = PBXFileReference; fileEncoding = 4; lastKnownFileType = sourcecode.swift; path = AEOTPTextFieldImplementationProtocol.swift; sourceTree = "<group>"; };
		DD80A7B82B306DEF009E08A0 /* AEOTPView.swift */ = {isa = PBXFileReference; fileEncoding = 4; lastKnownFileType = sourcecode.swift; path = AEOTPView.swift; sourceTree = "<group>"; };
		DD80A7B92B306DEF009E08A0 /* AEOTPViewRepresentable.swift */ = {isa = PBXFileReference; fileEncoding = 4; lastKnownFileType = sourcecode.swift; path = AEOTPViewRepresentable.swift; sourceTree = "<group>"; };
		DD80A7BB2B306DEF009E08A0 /* View+Helpers.swift */ = {isa = PBXFileReference; fileEncoding = 4; lastKnownFileType = sourcecode.swift; path = "View+Helpers.swift"; sourceTree = "<group>"; };
		DD80A7BC2B306DEF009E08A0 /* AEOTPTextFieldSwiftUI.swift */ = {isa = PBXFileReference; fileEncoding = 4; lastKnownFileType = sourcecode.swift; path = AEOTPTextFieldSwiftUI.swift; sourceTree = "<group>"; };
		DD80A7BD2B306DEF009E08A0 /* ChangeObserverModifier.swift */ = {isa = PBXFileReference; fileEncoding = 4; lastKnownFileType = sourcecode.swift; path = ChangeObserverModifier.swift; sourceTree = "<group>"; };
		DD80A7BF2B306DEF009E08A0 /* Info.plist */ = {isa = PBXFileReference; fileEncoding = 4; lastKnownFileType = text.plist.xml; path = Info.plist; sourceTree = "<group>"; };
		DD80A7F42B306E4B009E08A0 /* OTPTextField.h */ = {isa = PBXFileReference; lastKnownFileType = sourcecode.c.h; path = OTPTextField.h; sourceTree = "<group>"; };
		DD80A8022B3070E2009E08A0 /* OTPTextField.framework */ = {isa = PBXFileReference; explicitFileType = wrapper.framework; includeInIndex = 0; path = OTPTextField.framework; sourceTree = BUILT_PRODUCTS_DIR; };
		DD80A8112B3071CD009E08A0 /* AEOTPTextField.swift */ = {isa = PBXFileReference; lastKnownFileType = sourcecode.swift; path = AEOTPTextField.swift; sourceTree = "<group>"; };
		DD80A8132B3071CD009E08A0 /* AEOTPTextFieldImplementation.swift */ = {isa = PBXFileReference; lastKnownFileType = sourcecode.swift; path = AEOTPTextFieldImplementation.swift; sourceTree = "<group>"; };
		DD80A8142B3071CD009E08A0 /* AEOTPTextFieldDelegate.swift */ = {isa = PBXFileReference; lastKnownFileType = sourcecode.swift; path = AEOTPTextFieldDelegate.swift; sourceTree = "<group>"; };
		DD80A8152B3071CD009E08A0 /* AEOTPTextFieldImplementationProtocol.swift */ = {isa = PBXFileReference; lastKnownFileType = sourcecode.swift; path = AEOTPTextFieldImplementationProtocol.swift; sourceTree = "<group>"; };
		DD80A8182B3071CD009E08A0 /* AEOTPView.swift */ = {isa = PBXFileReference; lastKnownFileType = sourcecode.swift; path = AEOTPView.swift; sourceTree = "<group>"; };
		DD80A8192B3071CD009E08A0 /* AEOTPViewRepresentable.swift */ = {isa = PBXFileReference; lastKnownFileType = sourcecode.swift; path = AEOTPViewRepresentable.swift; sourceTree = "<group>"; };
		DD80A81B2B3071CD009E08A0 /* View+Helpers.swift */ = {isa = PBXFileReference; lastKnownFileType = sourcecode.swift; path = "View+Helpers.swift"; sourceTree = "<group>"; };
		DD80A81C2B3071CD009E08A0 /* AEOTPTextFieldSwiftUI.swift */ = {isa = PBXFileReference; lastKnownFileType = sourcecode.swift; path = AEOTPTextFieldSwiftUI.swift; sourceTree = "<group>"; };
		DD80A81D2B3071CD009E08A0 /* ChangeObserverModifier.swift */ = {isa = PBXFileReference; lastKnownFileType = sourcecode.swift; path = ChangeObserverModifier.swift; sourceTree = "<group>"; };
		DD80A81E2B3071CD009E08A0 /* OTPTextField.h */ = {isa = PBXFileReference; lastKnownFileType = sourcecode.c.h; path = OTPTextField.h; sourceTree = "<group>"; };
		DD80A81F2B3071CD009E08A0 /* Info.plist */ = {isa = PBXFileReference; lastKnownFileType = text.plist.xml; path = Info.plist; sourceTree = "<group>"; };
		F4DF03002652DBFA004B24B0 /* AEOTPTextFieldExample.app */ = {isa = PBXFileReference; explicitFileType = wrapper.application; includeInIndex = 0; path = AEOTPTextFieldExample.app; sourceTree = BUILT_PRODUCTS_DIR; };
		F4DF03022652DBFA004B24B0 /* AppDelegate.swift */ = {isa = PBXFileReference; lastKnownFileType = sourcecode.swift; path = AppDelegate.swift; sourceTree = "<group>"; };
		F4DF03042652DBFA004B24B0 /* SceneDelegate.swift */ = {isa = PBXFileReference; lastKnownFileType = sourcecode.swift; path = SceneDelegate.swift; sourceTree = "<group>"; };
		F4DF03062652DBFA004B24B0 /* ViewController.swift */ = {isa = PBXFileReference; lastKnownFileType = sourcecode.swift; path = ViewController.swift; sourceTree = "<group>"; usesTabs = 0; };
		F4DF03092652DBFA004B24B0 /* Base */ = {isa = PBXFileReference; lastKnownFileType = file.storyboard; name = Base; path = Base.lproj/Main.storyboard; sourceTree = "<group>"; };
		F4DF030B2652DC09004B24B0 /* Assets.xcassets */ = {isa = PBXFileReference; lastKnownFileType = folder.assetcatalog; path = Assets.xcassets; sourceTree = "<group>"; };
		F4DF030E2652DC09004B24B0 /* Base */ = {isa = PBXFileReference; lastKnownFileType = file.storyboard; name = Base; path = Base.lproj/LaunchScreen.storyboard; sourceTree = "<group>"; };
		F4DF03102652DC09004B24B0 /* Info.plist */ = {isa = PBXFileReference; lastKnownFileType = text.plist.xml; path = Info.plist; sourceTree = "<group>"; };
/* End PBXFileReference section */

/* Begin PBXFrameworksBuildPhase section */
		DD80A7FF2B3070E2009E08A0 /* Frameworks */ = {
			isa = PBXFrameworksBuildPhase;
			buildActionMask = 2147483647;
			files = (
			);
			runOnlyForDeploymentPostprocessing = 0;
		};
		F4DF02FD2652DBFA004B24B0 /* Frameworks */ = {
			isa = PBXFrameworksBuildPhase;
			buildActionMask = 2147483647;
			files = (
				DD80A8202B3071D9009E08A0 /* OTPTextField.framework in Frameworks */,
			);
			runOnlyForDeploymentPostprocessing = 0;
		};
/* End PBXFrameworksBuildPhase section */

/* Begin PBXGroup section */
		465369772846290D005E1D66 /* Frameworks */ = {
			isa = PBXGroup;
			children = (
				DD80A80D2B3071CD009E08A0 /* OTPTextField */,
			);
			name = Frameworks;
			sourceTree = "<group>";
		};
		46DC70C12847DFC90022158D /* Resources */ = {
			isa = PBXGroup;
			children = (
				F4DF03102652DC09004B24B0 /* Info.plist */,
			);
			path = Resources;
			sourceTree = "<group>";
		};
		46DC70C22847DFF40022158D /* App */ = {
			isa = PBXGroup;
			children = (
				F4DF03022652DBFA004B24B0 /* AppDelegate.swift */,
				F4DF03042652DBFA004B24B0 /* SceneDelegate.swift */,
				F4DF030D2652DC09004B24B0 /* LaunchScreen.storyboard */,
			);
			path = App;
			sourceTree = "<group>";
		};
		46DC70C32847E01A0022158D /* Assets */ = {
			isa = PBXGroup;
			children = (
				F4DF030B2652DC09004B24B0 /* Assets.xcassets */,
			);
			path = Assets;
			sourceTree = "<group>";
		};
		46DC70C42847E0200022158D /* Core */ = {
			isa = PBXGroup;
			children = (
				F4DF03082652DBFA004B24B0 /* Main.storyboard */,
				F4DF03062652DBFA004B24B0 /* ViewController.swift */,
				46DC70BF2847DEB10022158D /* SwiftUIView.swift */,
			);
			path = Core;
			sourceTree = "<group>";
		};
		DD80A7AE2B306DEF009E08A0 /* Source */ = {
			isa = PBXGroup;
			children = (
				DD80A7AF2B306DEF009E08A0 /* UIKit */,
				DD80A7B62B306DEF009E08A0 /* SwiftUI */,
			);
			path = Source;
			sourceTree = "<group>";
		};
		DD80A7AF2B306DEF009E08A0 /* UIKit */ = {
			isa = PBXGroup;
			children = (
				DD80A7B02B306DEF009E08A0 /* Core */,
				DD80A7B22B306DEF009E08A0 /* Utilities */,
			);
			path = UIKit;
			sourceTree = "<group>";
		};
		DD80A7B02B306DEF009E08A0 /* Core */ = {
			isa = PBXGroup;
			children = (
				DD80A7B12B306DEF009E08A0 /* AEOTPTextField.swift */,
			);
			path = Core;
			sourceTree = "<group>";
		};
		DD80A7B22B306DEF009E08A0 /* Utilities */ = {
			isa = PBXGroup;
			children = (
				DD80A7B32B306DEF009E08A0 /* AEOTPTextFieldImplementation.swift */,
				DD80A7B42B306DEF009E08A0 /* AEOTPTextFieldDelegate.swift */,
				DD80A7B52B306DEF009E08A0 /* AEOTPTextFieldImplementationProtocol.swift */,
			);
			path = Utilities;
			sourceTree = "<group>";
		};
		DD80A7B62B306DEF009E08A0 /* SwiftUI */ = {
			isa = PBXGroup;
			children = (
				DD80A7B72B306DEF009E08A0 /* Core */,
				DD80A7BA2B306DEF009E08A0 /* Utilities */,
			);
			path = SwiftUI;
			sourceTree = "<group>";
		};
		DD80A7B72B306DEF009E08A0 /* Core */ = {
			isa = PBXGroup;
			children = (
				DD80A7B82B306DEF009E08A0 /* AEOTPView.swift */,
				DD80A7B92B306DEF009E08A0 /* AEOTPViewRepresentable.swift */,
			);
			path = Core;
			sourceTree = "<group>";
		};
		DD80A7BA2B306DEF009E08A0 /* Utilities */ = {
			isa = PBXGroup;
			children = (
				DD80A7BB2B306DEF009E08A0 /* View+Helpers.swift */,
				DD80A7BC2B306DEF009E08A0 /* AEOTPTextFieldSwiftUI.swift */,
				DD80A7BD2B306DEF009E08A0 /* ChangeObserverModifier.swift */,
			);
			path = Utilities;
			sourceTree = "<group>";
		};
		DD80A7F32B306E4B009E08A0 /* OTPTextField */ = {
			isa = PBXGroup;
			children = (
				DD80A7BF2B306DEF009E08A0 /* Info.plist */,
				DD80A7AE2B306DEF009E08A0 /* Source */,
				DD80A7F42B306E4B009E08A0 /* OTPTextField.h */,
			);
			path = OTPTextField;
			sourceTree = "<group>";
		};
		DD80A80D2B3071CD009E08A0 /* OTPTextField */ = {
			isa = PBXGroup;
			children = (
				DD80A80E2B3071CD009E08A0 /* Source */,
				DD80A81E2B3071CD009E08A0 /* OTPTextField.h */,
				DD80A81F2B3071CD009E08A0 /* Info.plist */,
			);
			path = OTPTextField;
			sourceTree = "<group>";
		};
		DD80A80E2B3071CD009E08A0 /* Source */ = {
			isa = PBXGroup;
			children = (
				DD80A80F2B3071CD009E08A0 /* UIKit */,
				DD80A8162B3071CD009E08A0 /* SwiftUI */,
			);
			path = Source;
			sourceTree = "<group>";
		};
		DD80A80F2B3071CD009E08A0 /* UIKit */ = {
			isa = PBXGroup;
			children = (
				DD80A8102B3071CD009E08A0 /* Core */,
				DD80A8122B3071CD009E08A0 /* Utilities */,
			);
			path = UIKit;
			sourceTree = "<group>";
		};
		DD80A8102B3071CD009E08A0 /* Core */ = {
			isa = PBXGroup;
			children = (
				DD80A8112B3071CD009E08A0 /* AEOTPTextField.swift */,
			);
			path = Core;
			sourceTree = "<group>";
		};
		DD80A8122B3071CD009E08A0 /* Utilities */ = {
			isa = PBXGroup;
			children = (
				DD80A8132B3071CD009E08A0 /* AEOTPTextFieldImplementation.swift */,
				DD80A8142B3071CD009E08A0 /* AEOTPTextFieldDelegate.swift */,
				DD80A8152B3071CD009E08A0 /* AEOTPTextFieldImplementationProtocol.swift */,
			);
			path = Utilities;
			sourceTree = "<group>";
		};
		DD80A8162B3071CD009E08A0 /* SwiftUI */ = {
			isa = PBXGroup;
			children = (
				DD80A8172B3071CD009E08A0 /* Core */,
				DD80A81A2B3071CD009E08A0 /* Utilities */,
			);
			path = SwiftUI;
			sourceTree = "<group>";
		};
		DD80A8172B3071CD009E08A0 /* Core */ = {
			isa = PBXGroup;
			children = (
				DD80A8182B3071CD009E08A0 /* AEOTPView.swift */,
				DD80A8192B3071CD009E08A0 /* AEOTPViewRepresentable.swift */,
			);
			path = Core;
			sourceTree = "<group>";
		};
		DD80A81A2B3071CD009E08A0 /* Utilities */ = {
			isa = PBXGroup;
			children = (
				DD80A81B2B3071CD009E08A0 /* View+Helpers.swift */,
				DD80A81C2B3071CD009E08A0 /* AEOTPTextFieldSwiftUI.swift */,
				DD80A81D2B3071CD009E08A0 /* ChangeObserverModifier.swift */,
			);
			path = Utilities;
			sourceTree = "<group>";
		};
		F4DF02D82652DB22004B24B0 = {
			isa = PBXGroup;
			children = (
				F4DF03012652DBFA004B24B0 /* AEOTPTextFieldExample */,
				DD80A7F32B306E4B009E08A0 /* OTPTextField */,
				F4DF02E32652DB22004B24B0 /* Products */,
				465369772846290D005E1D66 /* Frameworks */,
			);
			sourceTree = "<group>";
		};
		F4DF02E32652DB22004B24B0 /* Products */ = {
			isa = PBXGroup;
			children = (
				F4DF03002652DBFA004B24B0 /* AEOTPTextFieldExample.app */,
				DD80A8022B3070E2009E08A0 /* OTPTextField.framework */,
			);
			name = Products;
			sourceTree = "<group>";
		};
		F4DF03012652DBFA004B24B0 /* AEOTPTextFieldExample */ = {
			isa = PBXGroup;
			children = (
				46DC70C42847E0200022158D /* Core */,
				46DC70C32847E01A0022158D /* Assets */,
				46DC70C22847DFF40022158D /* App */,
				46DC70C12847DFC90022158D /* Resources */,
			);
			path = AEOTPTextFieldExample;
			sourceTree = "<group>";
		};
/* End PBXGroup section */

/* Begin PBXHeadersBuildPhase section */
		DD80A7FD2B3070E2009E08A0 /* Headers */ = {
			isa = PBXHeadersBuildPhase;
			buildActionMask = 2147483647;
			files = (
			);
			runOnlyForDeploymentPostprocessing = 0;
		};
/* End PBXHeadersBuildPhase section */

/* Begin PBXNativeTarget section */
		DD80A8012B3070E2009E08A0 /* OTPTextField */ = {
			isa = PBXNativeTarget;
			buildConfigurationList = DD80A80A2B3070E2009E08A0 /* Build configuration list for PBXNativeTarget "OTPTextField" */;
			buildPhases = (
				DD80A7FD2B3070E2009E08A0 /* Headers */,
				DD80A7FE2B3070E2009E08A0 /* Sources */,
				DD80A7FF2B3070E2009E08A0 /* Frameworks */,
				DD80A8002B3070E2009E08A0 /* Resources */,
			);
			buildRules = (
			);
			dependencies = (
			);
			name = OTPTextField;
			productName = OTPTextField;
			productReference = DD80A8022B3070E2009E08A0 /* OTPTextField.framework */;
			productType = "com.apple.product-type.framework";
		};
		F4DF02FF2652DBFA004B24B0 /* AEOTPTextFieldExample */ = {
			isa = PBXNativeTarget;
			buildConfigurationList = F4DF03112652DC09004B24B0 /* Build configuration list for PBXNativeTarget "AEOTPTextFieldExample" */;
			buildPhases = (
				F4DF02FC2652DBFA004B24B0 /* Sources */,
				F4DF02FD2652DBFA004B24B0 /* Frameworks */,
				F4DF02FE2652DBFA004B24B0 /* Resources */,
				DD80A8242B3071D9009E08A0 /* Embed Frameworks */,
			);
			buildRules = (
			);
			dependencies = (
				DD80A8232B3071D9009E08A0 /* PBXTargetDependency */,
			);
			name = AEOTPTextFieldExample;
			productName = AEOTPTextFieldExample;
			productReference = F4DF03002652DBFA004B24B0 /* AEOTPTextFieldExample.app */;
			productType = "com.apple.product-type.application";
		};
/* End PBXNativeTarget section */

/* Begin PBXProject section */
		F4DF02D92652DB22004B24B0 /* Project object */ = {
			isa = PBXProject;
			attributes = {
				LastSwiftUpdateCheck = 1500;
				LastUpgradeCheck = 1250;
				TargetAttributes = {
					DD80A8012B3070E2009E08A0 = {
						CreatedOnToolsVersion = 15.0;
					};
					F4DF02FF2652DBFA004B24B0 = {
						CreatedOnToolsVersion = 12.5;
					};
				};
			};
			buildConfigurationList = F4DF02DC2652DB22004B24B0 /* Build configuration list for PBXProject "AEOTPTextField" */;
			compatibilityVersion = "Xcode 9.3";
			developmentRegion = en;
			hasScannedForEncodings = 0;
			knownRegions = (
				en,
				Base,
			);
			mainGroup = F4DF02D82652DB22004B24B0;
			productRefGroup = F4DF02E32652DB22004B24B0 /* Products */;
			projectDirPath = "";
			projectRoot = "";
			targets = (
				DD80A8012B3070E2009E08A0 /* OTPTextField */,
				F4DF02FF2652DBFA004B24B0 /* AEOTPTextFieldExample */,
			);
		};
/* End PBXProject section */

/* Begin PBXResourcesBuildPhase section */
		DD80A8002B3070E2009E08A0 /* Resources */ = {
			isa = PBXResourcesBuildPhase;
			buildActionMask = 2147483647;
			files = (
			);
			runOnlyForDeploymentPostprocessing = 0;
		};
		F4DF02FE2652DBFA004B24B0 /* Resources */ = {
			isa = PBXResourcesBuildPhase;
			buildActionMask = 2147483647;
			files = (
				F4DF030F2652DC09004B24B0 /* LaunchScreen.storyboard in Resources */,
				F4DF030C2652DC09004B24B0 /* Assets.xcassets in Resources */,
				F4DF030A2652DBFA004B24B0 /* Main.storyboard in Resources */,
			);
			runOnlyForDeploymentPostprocessing = 0;
		};
/* End PBXResourcesBuildPhase section */

/* Begin PBXSourcesBuildPhase section */
		DD80A7FE2B3070E2009E08A0 /* Sources */ = {
			isa = PBXSourcesBuildPhase;
			buildActionMask = 2147483647;
			files = (
			);
			runOnlyForDeploymentPostprocessing = 0;
		};
		F4DF02FC2652DBFA004B24B0 /* Sources */ = {
			isa = PBXSourcesBuildPhase;
			buildActionMask = 2147483647;
			files = (
				F4DF03072652DBFA004B24B0 /* ViewController.swift in Sources */,
				F4DF03032652DBFA004B24B0 /* AppDelegate.swift in Sources */,
				46DC70C02847DEB10022158D /* SwiftUIView.swift in Sources */,
				F4DF03052652DBFA004B24B0 /* SceneDelegate.swift in Sources */,
			);
			runOnlyForDeploymentPostprocessing = 0;
		};
/* End PBXSourcesBuildPhase section */

/* Begin PBXTargetDependency section */
		DD80A8232B3071D9009E08A0 /* PBXTargetDependency */ = {
			isa = PBXTargetDependency;
			target = DD80A8012B3070E2009E08A0 /* OTPTextField */;
			targetProxy = DD80A8222B3071D9009E08A0 /* PBXContainerItemProxy */;
		};
/* End PBXTargetDependency section */

/* Begin PBXVariantGroup section */
		F4DF03082652DBFA004B24B0 /* Main.storyboard */ = {
			isa = PBXVariantGroup;
			children = (
				F4DF03092652DBFA004B24B0 /* Base */,
			);
			name = Main.storyboard;
			sourceTree = "<group>";
		};
		F4DF030D2652DC09004B24B0 /* LaunchScreen.storyboard */ = {
			isa = PBXVariantGroup;
			children = (
				F4DF030E2652DC09004B24B0 /* Base */,
			);
			name = LaunchScreen.storyboard;
			sourceTree = "<group>";
		};
/* End PBXVariantGroup section */

/* Begin XCBuildConfiguration section */
		DD80A80B2B3070E2009E08A0 /* Debug */ = {
			isa = XCBuildConfiguration;
			buildSettings = {
				ASSETCATALOG_COMPILER_GENERATE_SWIFT_ASSET_SYMBOL_EXTENSIONS = YES;
				CLANG_CXX_LANGUAGE_STANDARD = "gnu++20";
				CODE_SIGN_STYLE = Automatic;
				CURRENT_PROJECT_VERSION = 1;
				DEFINES_MODULE = YES;
				DEVELOPMENT_TEAM = HMQALEF4UR;
				DYLIB_COMPATIBILITY_VERSION = 1;
				DYLIB_CURRENT_VERSION = 1;
				DYLIB_INSTALL_NAME_BASE = "@rpath";
				ENABLE_MODULE_VERIFIER = YES;
				ENABLE_USER_SCRIPT_SANDBOXING = YES;
				GCC_C_LANGUAGE_STANDARD = gnu17;
				GENERATE_INFOPLIST_FILE = YES;
				INFOPLIST_KEY_NSHumanReadableCopyright = "";
				INSTALL_PATH = "$(LOCAL_LIBRARY_DIR)/Frameworks";
				IPHONEOS_DEPLOYMENT_TARGET = 14.0;
				LD_RUNPATH_SEARCH_PATHS = (
					"$(inherited)",
					"@executable_path/Frameworks",
					"@loader_path/Frameworks",
				);
				LOCALIZATION_PREFERS_STRING_CATALOGS = YES;
				MARKETING_VERSION = 1.0;
				MODULE_VERIFIER_SUPPORTED_LANGUAGES = "objective-c objective-c++";
				MODULE_VERIFIER_SUPPORTED_LANGUAGE_STANDARDS = "gnu17 gnu++20";
				PRODUCT_BUNDLE_IDENTIFIER = com.jasmin.OTPTextField;
				PRODUCT_NAME = "$(TARGET_NAME:c99extidentifier)";
				SKIP_INSTALL = YES;
				SWIFT_ACTIVE_COMPILATION_CONDITIONS = "DEBUG $(inherited)";
				SWIFT_EMIT_LOC_STRINGS = YES;
				SWIFT_VERSION = 5.0;
				TARGETED_DEVICE_FAMILY = "1,2";
			};
			name = Debug;
		};
		DD80A80C2B3070E2009E08A0 /* Release */ = {
			isa = XCBuildConfiguration;
			buildSettings = {
				ASSETCATALOG_COMPILER_GENERATE_SWIFT_ASSET_SYMBOL_EXTENSIONS = YES;
				CLANG_CXX_LANGUAGE_STANDARD = "gnu++20";
				CODE_SIGN_STYLE = Automatic;
				CURRENT_PROJECT_VERSION = 1;
				DEFINES_MODULE = YES;
				DEVELOPMENT_TEAM = HMQALEF4UR;
				DYLIB_COMPATIBILITY_VERSION = 1;
				DYLIB_CURRENT_VERSION = 1;
				DYLIB_INSTALL_NAME_BASE = "@rpath";
				ENABLE_MODULE_VERIFIER = YES;
				ENABLE_USER_SCRIPT_SANDBOXING = YES;
				GCC_C_LANGUAGE_STANDARD = gnu17;
				GENERATE_INFOPLIST_FILE = YES;
				INFOPLIST_KEY_NSHumanReadableCopyright = "";
				INSTALL_PATH = "$(LOCAL_LIBRARY_DIR)/Frameworks";
				IPHONEOS_DEPLOYMENT_TARGET = 14.0;
				LD_RUNPATH_SEARCH_PATHS = (
					"$(inherited)",
					"@executable_path/Frameworks",
					"@loader_path/Frameworks",
				);
				LOCALIZATION_PREFERS_STRING_CATALOGS = YES;
				MARKETING_VERSION = 1.0;
				MODULE_VERIFIER_SUPPORTED_LANGUAGES = "objective-c objective-c++";
				MODULE_VERIFIER_SUPPORTED_LANGUAGE_STANDARDS = "gnu17 gnu++20";
				PRODUCT_BUNDLE_IDENTIFIER = com.jasmin.OTPTextField;
				PRODUCT_NAME = "$(TARGET_NAME:c99extidentifier)";
				SKIP_INSTALL = YES;
				SWIFT_EMIT_LOC_STRINGS = YES;
				SWIFT_VERSION = 5.0;
				TARGETED_DEVICE_FAMILY = "1,2";
			};
			name = Release;
		};
		F4DF02F42652DB23004B24B0 /* Debug */ = {
			isa = XCBuildConfiguration;
			buildSettings = {
				ALWAYS_SEARCH_USER_PATHS = NO;
				CLANG_ANALYZER_NONNULL = YES;
				CLANG_ANALYZER_NUMBER_OBJECT_CONVERSION = YES_AGGRESSIVE;
				CLANG_CXX_LANGUAGE_STANDARD = "gnu++14";
				CLANG_CXX_LIBRARY = "libc++";
				CLANG_ENABLE_MODULES = YES;
				CLANG_ENABLE_OBJC_ARC = YES;
				CLANG_ENABLE_OBJC_WEAK = YES;
				CLANG_WARN_BLOCK_CAPTURE_AUTORELEASING = YES;
				CLANG_WARN_BOOL_CONVERSION = YES;
				CLANG_WARN_COMMA = YES;
				CLANG_WARN_CONSTANT_CONVERSION = YES;
				CLANG_WARN_DEPRECATED_OBJC_IMPLEMENTATIONS = YES;
				CLANG_WARN_DIRECT_OBJC_ISA_USAGE = YES_ERROR;
				CLANG_WARN_DOCUMENTATION_COMMENTS = YES;
				CLANG_WARN_EMPTY_BODY = YES;
				CLANG_WARN_ENUM_CONVERSION = YES;
				CLANG_WARN_INFINITE_RECURSION = YES;
				CLANG_WARN_INT_CONVERSION = YES;
				CLANG_WARN_NON_LITERAL_NULL_CONVERSION = YES;
				CLANG_WARN_OBJC_IMPLICIT_RETAIN_SELF = YES;
				CLANG_WARN_OBJC_LITERAL_CONVERSION = YES;
				CLANG_WARN_OBJC_ROOT_CLASS = YES_ERROR;
				CLANG_WARN_QUOTED_INCLUDE_IN_FRAMEWORK_HEADER = YES;
				CLANG_WARN_RANGE_LOOP_ANALYSIS = YES;
				CLANG_WARN_STRICT_PROTOTYPES = YES;
				CLANG_WARN_SUSPICIOUS_MOVE = YES;
				CLANG_WARN_UNGUARDED_AVAILABILITY = YES_AGGRESSIVE;
				CLANG_WARN_UNREACHABLE_CODE = YES;
				CLANG_WARN__DUPLICATE_METHOD_MATCH = YES;
				COPY_PHASE_STRIP = NO;
				CURRENT_PROJECT_VERSION = 1;
				DEBUG_INFORMATION_FORMAT = dwarf;
				ENABLE_STRICT_OBJC_MSGSEND = YES;
				ENABLE_TESTABILITY = YES;
				GCC_C_LANGUAGE_STANDARD = gnu11;
				GCC_DYNAMIC_NO_PIC = NO;
				GCC_NO_COMMON_BLOCKS = YES;
				GCC_OPTIMIZATION_LEVEL = 0;
				GCC_PREPROCESSOR_DEFINITIONS = (
					"DEBUG=1",
					"$(inherited)",
				);
				GCC_WARN_64_TO_32_BIT_CONVERSION = YES;
				GCC_WARN_ABOUT_RETURN_TYPE = YES_ERROR;
				GCC_WARN_UNDECLARED_SELECTOR = YES;
				GCC_WARN_UNINITIALIZED_AUTOS = YES_AGGRESSIVE;
				GCC_WARN_UNUSED_FUNCTION = YES;
				GCC_WARN_UNUSED_VARIABLE = YES;
				IPHONEOS_DEPLOYMENT_TARGET = 12.0;
				MTL_ENABLE_DEBUG_INFO = INCLUDE_SOURCE;
				MTL_FAST_MATH = YES;
				ONLY_ACTIVE_ARCH = YES;
				SDKROOT = iphoneos;
				SWIFT_ACTIVE_COMPILATION_CONDITIONS = DEBUG;
				SWIFT_OPTIMIZATION_LEVEL = "-Onone";
				VERSIONING_SYSTEM = "apple-generic";
				VERSION_INFO_PREFIX = "";
			};
			name = Debug;
		};
		F4DF02F52652DB23004B24B0 /* Release */ = {
			isa = XCBuildConfiguration;
			buildSettings = {
				ALWAYS_SEARCH_USER_PATHS = NO;
				CLANG_ANALYZER_NONNULL = YES;
				CLANG_ANALYZER_NUMBER_OBJECT_CONVERSION = YES_AGGRESSIVE;
				CLANG_CXX_LANGUAGE_STANDARD = "gnu++14";
				CLANG_CXX_LIBRARY = "libc++";
				CLANG_ENABLE_MODULES = YES;
				CLANG_ENABLE_OBJC_ARC = YES;
				CLANG_ENABLE_OBJC_WEAK = YES;
				CLANG_WARN_BLOCK_CAPTURE_AUTORELEASING = YES;
				CLANG_WARN_BOOL_CONVERSION = YES;
				CLANG_WARN_COMMA = YES;
				CLANG_WARN_CONSTANT_CONVERSION = YES;
				CLANG_WARN_DEPRECATED_OBJC_IMPLEMENTATIONS = YES;
				CLANG_WARN_DIRECT_OBJC_ISA_USAGE = YES_ERROR;
				CLANG_WARN_DOCUMENTATION_COMMENTS = YES;
				CLANG_WARN_EMPTY_BODY = YES;
				CLANG_WARN_ENUM_CONVERSION = YES;
				CLANG_WARN_INFINITE_RECURSION = YES;
				CLANG_WARN_INT_CONVERSION = YES;
				CLANG_WARN_NON_LITERAL_NULL_CONVERSION = YES;
				CLANG_WARN_OBJC_IMPLICIT_RETAIN_SELF = YES;
				CLANG_WARN_OBJC_LITERAL_CONVERSION = YES;
				CLANG_WARN_OBJC_ROOT_CLASS = YES_ERROR;
				CLANG_WARN_QUOTED_INCLUDE_IN_FRAMEWORK_HEADER = YES;
				CLANG_WARN_RANGE_LOOP_ANALYSIS = YES;
				CLANG_WARN_STRICT_PROTOTYPES = YES;
				CLANG_WARN_SUSPICIOUS_MOVE = YES;
				CLANG_WARN_UNGUARDED_AVAILABILITY = YES_AGGRESSIVE;
				CLANG_WARN_UNREACHABLE_CODE = YES;
				CLANG_WARN__DUPLICATE_METHOD_MATCH = YES;
				COPY_PHASE_STRIP = NO;
				CURRENT_PROJECT_VERSION = 1;
				DEBUG_INFORMATION_FORMAT = "dwarf-with-dsym";
				ENABLE_NS_ASSERTIONS = NO;
				ENABLE_STRICT_OBJC_MSGSEND = YES;
				GCC_C_LANGUAGE_STANDARD = gnu11;
				GCC_NO_COMMON_BLOCKS = YES;
				GCC_WARN_64_TO_32_BIT_CONVERSION = YES;
				GCC_WARN_ABOUT_RETURN_TYPE = YES_ERROR;
				GCC_WARN_UNDECLARED_SELECTOR = YES;
				GCC_WARN_UNINITIALIZED_AUTOS = YES_AGGRESSIVE;
				GCC_WARN_UNUSED_FUNCTION = YES;
				GCC_WARN_UNUSED_VARIABLE = YES;
				IPHONEOS_DEPLOYMENT_TARGET = 12.0;
				MTL_ENABLE_DEBUG_INFO = NO;
				MTL_FAST_MATH = YES;
				SDKROOT = iphoneos;
				SWIFT_COMPILATION_MODE = wholemodule;
				SWIFT_OPTIMIZATION_LEVEL = "-O";
				VALIDATE_PRODUCT = YES;
				VERSIONING_SYSTEM = "apple-generic";
				VERSION_INFO_PREFIX = "";
			};
			name = Release;
		};
		F4DF03122652DC09004B24B0 /* Debug */ = {
			isa = XCBuildConfiguration;
			buildSettings = {
				ASSETCATALOG_COMPILER_APPICON_NAME = AppIcon;
				ASSETCATALOG_COMPILER_GLOBAL_ACCENT_COLOR_NAME = AccentColor;
				CODE_SIGN_STYLE = Automatic;
				DEVELOPMENT_TEAM = HMQALEF4UR;
				INFOPLIST_FILE = AEOTPTextFieldExample/Resources/Info.plist;
				IPHONEOS_DEPLOYMENT_TARGET = 15.4;
				LD_RUNPATH_SEARCH_PATHS = (
					"$(inherited)",
					"@executable_path/Frameworks",
				);
				PRODUCT_BUNDLE_IDENTIFIER = jasmin.OTPTextFieldExample;
				PRODUCT_NAME = "$(TARGET_NAME)";
				SWIFT_VERSION = 5.0;
				TARGETED_DEVICE_FAMILY = "1,2";
			};
			name = Debug;
		};
		F4DF03132652DC09004B24B0 /* Release */ = {
			isa = XCBuildConfiguration;
			buildSettings = {
				ASSETCATALOG_COMPILER_APPICON_NAME = AppIcon;
				ASSETCATALOG_COMPILER_GLOBAL_ACCENT_COLOR_NAME = AccentColor;
				CODE_SIGN_STYLE = Automatic;
				DEVELOPMENT_TEAM = HMQALEF4UR;
				INFOPLIST_FILE = AEOTPTextFieldExample/Resources/Info.plist;
				IPHONEOS_DEPLOYMENT_TARGET = 15.4;
				LD_RUNPATH_SEARCH_PATHS = (
					"$(inherited)",
					"@executable_path/Frameworks",
				);
				PRODUCT_BUNDLE_IDENTIFIER = jasmin.OTPTextFieldExample;
				PRODUCT_NAME = "$(TARGET_NAME)";
				SWIFT_VERSION = 5.0;
				TARGETED_DEVICE_FAMILY = "1,2";
			};
			name = Release;
		};
/* End XCBuildConfiguration section */

/* Begin XCConfigurationList section */
		DD80A80A2B3070E2009E08A0 /* Build configuration list for PBXNativeTarget "OTPTextField" */ = {
			isa = XCConfigurationList;
			buildConfigurations = (
				DD80A80B2B3070E2009E08A0 /* Debug */,
				DD80A80C2B3070E2009E08A0 /* Release */,
			);
			defaultConfigurationIsVisible = 0;
			defaultConfigurationName = Release;
		};
		F4DF02DC2652DB22004B24B0 /* Build configuration list for PBXProject "AEOTPTextField" */ = {
			isa = XCConfigurationList;
			buildConfigurations = (
				F4DF02F42652DB23004B24B0 /* Debug */,
				F4DF02F52652DB23004B24B0 /* Release */,
			);
			defaultConfigurationIsVisible = 0;
			defaultConfigurationName = Release;
		};
		F4DF03112652DC09004B24B0 /* Build configuration list for PBXNativeTarget "AEOTPTextFieldExample" */ = {
			isa = XCConfigurationList;
			buildConfigurations = (
				F4DF03122652DC09004B24B0 /* Debug */,
				F4DF03132652DC09004B24B0 /* Release */,
			);
			defaultConfigurationIsVisible = 0;
			defaultConfigurationName = Release;
		};
/* End XCConfigurationList section */
	};
	rootObject = F4DF02D92652DB22004B24B0 /* Project object */;
}
